Microsoft Visual Studio Solution File, Format Version 12.00
# Visual Studio Version 17
VisualStudioVersion = 17.5.2.0
MinimumVisualStudioVersion = 10.0.40219.1
Project("{FAE04EC0-301F-11D3-BF4B-00C04F79EFBC}") = "SkFabricatorApi", "SkFabricatorApi\SkFabricatorApi.csproj", "{42B1D3F4-5AFB-619F-FEA4-76C2DD5EDF1B}"
EndProject
Global
	GlobalSection(SolutionConfigurationPlatforms) = preSolution
		Debug|Any CPU = Debug|Any CPU
		Release|Any CPU = Release|Any CPU
	EndGlobalSection
	GlobalSection(ProjectConfigurationPlatforms) = postSolution
		{42B1D3F4-5AFB-619F-FEA4-76C2DD5EDF1B}.Debug|Any CPU.ActiveCfg = Debug|Any CPU
		{42B1D3F4-5AFB-619F-FEA4-76C2DD5EDF1B}.Debug|Any CPU.Build.0 = Debug|Any CPU
		{42B1D3F4-5AFB-619F-FEA4-76C2DD5EDF1B}.Release|Any CPU.ActiveCfg = Release|Any CPU
		{42B1D3F4-5AFB-619F-FEA4-76C2DD5EDF1B}.Release|Any CPU.Build.0 = Release|Any CPU
	EndGlobalSection
	GlobalSection(SolutionProperties) = preSolution
		HideSolutionNode = FALSE
	EndGlobalSection
	GlobalSection(ExtensibilityGlobals) = postSolution
		SolutionGuid = {EC30BA9C-BF09-4F46-B945-335DCAAFAA17}
	EndGlobalSection
EndGlobal
